
Microsoft Visual Studio Solution File, Format Version 12.00
# Visual Studio 14
VisualStudioVersion = 14.0.23107.0
MinimumVisualStudioVersion = 10.0.40219.1
Project("{FAE04EC0-301F-11D3-BF4B-00C04F79EFBC}") = "Shapeshifter.Core", "Shapeshifter.Core\Shapeshifter.Core.csproj", "{A2C09237-A254-446B-AA1D-26DA072743CF}"
EndProject
Project("{FAE04EC0-301F-11D3-BF4B-00C04F79EFBC}") = "Shapeshifter.UserInterface.WindowsDesktop", "Shapeshifter.UserInterface.WindowsDesktop\Shapeshifter.UserInterface.WindowsDesktop.csproj", "{C8AFEB5B-5197-4F7D-90F1-DC1DCD795BE1}"
EndProject
Project("{FAE04EC0-301F-11D3-BF4B-00C04F79EFBC}") = "Shapeshifter.Tests", "Shapeshifter.Tests\Shapeshifter.Tests.csproj", "{66E94495-F590-41F6-B488-52B0FDCAB03C}"
EndProject
Global
	GlobalSection(SolutionConfigurationPlatforms) = preSolution
		Debug|Any CPU = Debug|Any CPU
		Release|Any CPU = Release|Any CPU
	EndGlobalSection
	GlobalSection(ProjectConfigurationPlatforms) = postSolution
		{A2C09237-A254-446B-AA1D-26DA072743CF}.Debug|Any CPU.ActiveCfg = Debug|Any CPU
		{A2C09237-A254-446B-AA1D-26DA072743CF}.Debug|Any CPU.Build.0 = Debug|Any CPU
		{A2C09237-A254-446B-AA1D-26DA072743CF}.Release|Any CPU.ActiveCfg = Release|Any CPU
		{A2C09237-A254-446B-AA1D-26DA072743CF}.Release|Any CPU.Build.0 = Release|Any CPU
		{C8AFEB5B-5197-4F7D-90F1-DC1DCD795BE1}.Debug|Any CPU.ActiveCfg = Debug|Any CPU
		{C8AFEB5B-5197-4F7D-90F1-DC1DCD795BE1}.Debug|Any CPU.Build.0 = Debug|Any CPU
		{C8AFEB5B-5197-4F7D-90F1-DC1DCD795BE1}.Release|Any CPU.ActiveCfg = Release|Any CPU
		{C8AFEB5B-5197-4F7D-90F1-DC1DCD795BE1}.Release|Any CPU.Build.0 = Release|Any CPU
		{66E94495-F590-41F6-B488-52B0FDCAB03C}.Debug|Any CPU.ActiveCfg = Debug|Any CPU
		{66E94495-F590-41F6-B488-52B0FDCAB03C}.Debug|Any CPU.Build.0 = Debug|Any CPU
		{66E94495-F590-41F6-B488-52B0FDCAB03C}.Release|Any CPU.ActiveCfg = Release|Any CPU
		{66E94495-F590-41F6-B488-52B0FDCAB03C}.Release|Any CPU.Build.0 = Release|Any CPU
	EndGlobalSection
	GlobalSection(SolutionProperties) = preSolution
		HideSolutionNode = FALSE
	EndGlobalSection
EndGlobal
